
Microsoft Visual Studio Solution File, Format Version 12.00
# Visual Studio Version 16
VisualStudioVersion = 16.0.31229.75
MinimumVisualStudioVersion = 10.0.40219.1
Project("{FAE04EC0-301F-11D3-BF4B-00C04F79EFBC}") = "CoreEssential", "CoreScp\CoreEssential.csproj", "{C0ED0BE4-83A0-4F58-BAA5-DD42F5452B31}"
EndProject
Global
	GlobalSection(SolutionConfigurationPlatforms) = preSolution
		Debug|Any CPU = Debug|Any CPU
		Release|Any CPU = Release|Any CPU
	EndGlobalSection
	GlobalSection(ProjectConfigurationPlatforms) = postSolution
		{C0ED0BE4-83A0-4F58-BAA5-DD42F5452B31}.Debug|Any CPU.ActiveCfg = Debug|Any CPU
		{C0ED0BE4-83A0-4F58-BAA5-DD42F5452B31}.Debug|Any CPU.Build.0 = Debug|Any CPU
		{C0ED0BE4-83A0-4F58-BAA5-DD42F5452B31}.Release|Any CPU.ActiveCfg = Release|Any CPU
		{C0ED0BE4-83A0-4F58-BAA5-DD42F5452B31}.Release|Any CPU.Build.0 = Release|Any CPU
	EndGlobalSection
	GlobalSection(SolutionProperties) = preSolution
		HideSolutionNode = FALSE
	EndGlobalSection
	GlobalSection(ExtensibilityGlobals) = postSolution
		SolutionGuid = {FA2C22EA-FC97-4F0F-9919-0F0ECE2B4AF9}
	EndGlobalSection
EndGlobal
